
Microsoft Visual Studio Solution File, Format Version 12.00
Project("{FAE04EC0-301F-11D3-BF4B-00C04F79EFBC}") = "SortedList", "SortedList\SortedList.csproj", "{186B3004-90E8-4D09-8E93-A4AF8335AE7C}"
EndProject
Project("{FAE04EC0-301F-11D3-BF4B-00C04F79EFBC}") = "ConsoleApp", "ConsoleApp\ConsoleApp.csproj", "{A0FB5337-686E-4E13-A775-B27C48E20D58}"
EndProject
Project("{FAE04EC0-301F-11D3-BF4B-00C04F79EFBC}") = "SortedList.Test", "SortedList.Test\SortedList.Test.csproj", "{23A2154C-39EA-4C32-ADBA-780315067A23}"
EndProject
Global
	GlobalSection(SolutionConfigurationPlatforms) = preSolution
		Debug|Any CPU = Debug|Any CPU
		Release|Any CPU = Release|Any CPU
	EndGlobalSection
	GlobalSection(ProjectConfigurationPlatforms) = postSolution
		{186B3004-90E8-4D09-8E93-A4AF8335AE7C}.Debug|Any CPU.ActiveCfg = Debug|Any CPU
		{186B3004-90E8-4D09-8E93-A4AF8335AE7C}.Debug|Any CPU.Build.0 = Debug|Any CPU
		{186B3004-90E8-4D09-8E93-A4AF8335AE7C}.Release|Any CPU.ActiveCfg = Release|Any CPU
		{186B3004-90E8-4D09-8E93-A4AF8335AE7C}.Release|Any CPU.Build.0 = Release|Any CPU
		{A0FB5337-686E-4E13-A775-B27C48E20D58}.Debug|Any CPU.ActiveCfg = Debug|Any CPU
		{A0FB5337-686E-4E13-A775-B27C48E20D58}.Debug|Any CPU.Build.0 = Debug|Any CPU
		{A0FB5337-686E-4E13-A775-B27C48E20D58}.Release|Any CPU.ActiveCfg = Release|Any CPU
		{A0FB5337-686E-4E13-A775-B27C48E20D58}.Release|Any CPU.Build.0 = Release|Any CPU
		{23A2154C-39EA-4C32-ADBA-780315067A23}.Debug|Any CPU.ActiveCfg = Debug|Any CPU
		{23A2154C-39EA-4C32-ADBA-780315067A23}.Debug|Any CPU.Build.0 = Debug|Any CPU
		{23A2154C-39EA-4C32-ADBA-780315067A23}.Release|Any CPU.ActiveCfg = Release|Any CPU
		{23A2154C-39EA-4C32-ADBA-780315067A23}.Release|Any CPU.Build.0 = Release|Any CPU
	EndGlobalSection
EndGlobal
